
Microsoft Visual Studio Solution File, Format Version 12.00
# Visual Studio Version 17
VisualStudioVersion = 17.6.33829.357
MinimumVisualStudioVersion = 10.0.40219.1
Project("{FAE04EC0-301F-11D3-BF4B-00C04F79EFBC}") = "WeatherApp", "WheaterApp\WeatherApp.csproj", "{3876D688-29C6-4D5B-87AD-65C0BDC35D22}"
EndProject
Global
	GlobalSection(SolutionConfigurationPlatforms) = preSolution
		Debug|Any CPU = Debug|Any CPU
		Release|Any CPU = Release|Any CPU
	EndGlobalSection
	GlobalSection(ProjectConfigurationPlatforms) = postSolution
		{3876D688-29C6-4D5B-87AD-65C0BDC35D22}.Debug|Any CPU.ActiveCfg = Debug|Any CPU
		{3876D688-29C6-4D5B-87AD-65C0BDC35D22}.Debug|Any CPU.Build.0 = Debug|Any CPU
		{3876D688-29C6-4D5B-87AD-65C0BDC35D22}.Release|Any CPU.ActiveCfg = Release|Any CPU
		{3876D688-29C6-4D5B-87AD-65C0BDC35D22}.Release|Any CPU.Build.0 = Release|Any CPU
	EndGlobalSection
	GlobalSection(SolutionProperties) = preSolution
		HideSolutionNode = FALSE
	EndGlobalSection
	GlobalSection(ExtensibilityGlobals) = postSolution
		SolutionGuid = {4726D20E-EE1A-4906-928A-C5EB665108FB}
	EndGlobalSection
EndGlobal
